
Microsoft Visual Studio Solution File, Format Version 12.00
# Visual Studio Version 16
VisualStudioVersion = 16.0.30104.148
MinimumVisualStudioVersion = 10.0.40219.1
Project("{FAE04EC0-301F-11D3-BF4B-00C04F79EFBC}") = "LibraryManagement_Group2_Project", "LibraryManagement_Group2_Project\LibraryManagement_Group2_Project.csproj", "{C2130AAD-67D3-4CDF-8412-1005EC471CDB}"
EndProject
Global
	GlobalSection(SolutionConfigurationPlatforms) = preSolution
		Debug|Any CPU = Debug|Any CPU
		Release|Any CPU = Release|Any CPU
	EndGlobalSection
	GlobalSection(ProjectConfigurationPlatforms) = postSolution
		{C2130AAD-67D3-4CDF-8412-1005EC471CDB}.Debug|Any CPU.ActiveCfg = Debug|Any CPU
		{C2130AAD-67D3-4CDF-8412-1005EC471CDB}.Debug|Any CPU.Build.0 = Debug|Any CPU
		{C2130AAD-67D3-4CDF-8412-1005EC471CDB}.Release|Any CPU.ActiveCfg = Release|Any CPU
		{C2130AAD-67D3-4CDF-8412-1005EC471CDB}.Release|Any CPU.Build.0 = Release|Any CPU
	EndGlobalSection
	GlobalSection(SolutionProperties) = preSolution
		HideSolutionNode = FALSE
	EndGlobalSection
	GlobalSection(ExtensibilityGlobals) = postSolution
		SolutionGuid = {80F7864C-48EB-43ED-981A-EEA438CBA853}
	EndGlobalSection
EndGlobal
